
Microsoft Visual Studio Solution File, Format Version 12.00
# Visual Studio Version 17
VisualStudioVersion = 17.0.31919.166
MinimumVisualStudioVersion = 10.0.40219.1
Project("{FAE04EC0-301F-11D3-BF4B-00C04F79EFBC}") = "lab3", "lab3\lab3.csproj", "{ED13B840-525F-47C9-94CE-CBCEA7F1A310}"
EndProject
Global
	GlobalSection(SolutionConfigurationPlatforms) = preSolution
		Debug|Any CPU = Debug|Any CPU
		Release|Any CPU = Release|Any CPU
	EndGlobalSection
	GlobalSection(ProjectConfigurationPlatforms) = postSolution
		{ED13B840-525F-47C9-94CE-CBCEA7F1A310}.Debug|Any CPU.ActiveCfg = Debug|Any CPU
		{ED13B840-525F-47C9-94CE-CBCEA7F1A310}.Debug|Any CPU.Build.0 = Debug|Any CPU
		{ED13B840-525F-47C9-94CE-CBCEA7F1A310}.Release|Any CPU.ActiveCfg = Release|Any CPU
		{ED13B840-525F-47C9-94CE-CBCEA7F1A310}.Release|Any CPU.Build.0 = Release|Any CPU
	EndGlobalSection
	GlobalSection(SolutionProperties) = preSolution
		HideSolutionNode = FALSE
	EndGlobalSection
	GlobalSection(ExtensibilityGlobals) = postSolution
		SolutionGuid = {68DE2BA5-B192-4EB5-A4E0-5E612B9D9696}
	EndGlobalSection
EndGlobal
